// !$*UTF8*$!
{
	archiveVersion = 1;
	classes = {
	};
	objectVersion = 56;
	objects = {

/* Begin PBXBuildFile section */
		CE9AFD622A5E91AC00EB2D8C /* CoreDataTestApp.swift in Sources */ = {isa = PBXBuildFile; fileRef = CE9AFD612A5E91AC00EB2D8C /* CoreDataTestApp.swift */; };
		CE9AFD642A5E91AC00EB2D8C /* ContentView.swift in Sources */ = {isa = PBXBuildFile; fileRef = CE9AFD632A5E91AC00EB2D8C /* ContentView.swift */; };
		CE9AFD662A5E91AD00EB2D8C /* Assets.xcassets in Resources */ = {isa = PBXBuildFile; fileRef = CE9AFD652A5E91AD00EB2D8C /* Assets.xcassets */; };
		CE9AFD692A5E91AD00EB2D8C /* Preview Assets.xcassets in Resources */ = {isa = PBXBuildFile; fileRef = CE9AFD682A5E91AD00EB2D8C /* Preview Assets.xcassets */; };
		CE9AFD712A5E91CF00EB2D8C /* SickSanghaeModel.xcdatamodeld in Sources */ = {isa = PBXBuildFile; fileRef = CE9AFD6F2A5E91CF00EB2D8C /* SickSanghaeModel.xcdatamodeld */; };
		CE9AFD732A5E920800EB2D8C /* ItemStatus.swift in Sources */ = {isa = PBXBuildFile; fileRef = CE9AFD722A5E920800EB2D8C /* ItemStatus.swift */; };
		CE9AFD792A5ECAC300EB2D8C /* DataController.swift in Sources */ = {isa = PBXBuildFile; fileRef = CE9AFD782A5ECAC300EB2D8C /* DataController.swift */; };
		CE9AFD7B2A5ED2CE00EB2D8C /* MainView.swift in Sources */ = {isa = PBXBuildFile; fileRef = CE9AFD7A2A5ED2CE00EB2D8C /* MainView.swift */; };
		CE9AFD7D2A5ED39100EB2D8C /* SettingView.swift in Sources */ = {isa = PBXBuildFile; fileRef = CE9AFD7C2A5ED39100EB2D8C /* SettingView.swift */; };
		CE9AFD7F2A5ED39800EB2D8C /* StoreView.swift in Sources */ = {isa = PBXBuildFile; fileRef = CE9AFD7E2A5ED39800EB2D8C /* StoreView.swift */; };
		CE9AFD812A5ED3FE00EB2D8C /* StatisticView.swift in Sources */ = {isa = PBXBuildFile; fileRef = CE9AFD802A5ED3FE00EB2D8C /* StatisticView.swift */; };
		CE9AFD8C2A5FA1FE00EB2D8C /* Item+CoreDataClass.swift in Sources */ = {isa = PBXBuildFile; fileRef = CE9AFD8A2A5FA1FE00EB2D8C /* Item+CoreDataClass.swift */; };
		CE9AFD8D2A5FA1FE00EB2D8C /* Item+CoreDataProperties.swift in Sources */ = {isa = PBXBuildFile; fileRef = CE9AFD8B2A5FA1FE00EB2D8C /* Item+CoreDataProperties.swift */; };
/* End PBXBuildFile section */

/* Begin PBXFileReference section */
		CE9AFD5E2A5E91AC00EB2D8C /* CoreDataTest.app */ = {isa = PBXFileReference; explicitFileType = wrapper.application; includeInIndex = 0; path = CoreDataTest.app; sourceTree = BUILT_PRODUCTS_DIR; };
		CE9AFD612A5E91AC00EB2D8C /* CoreDataTestApp.swift */ = {isa = PBXFileReference; lastKnownFileType = sourcecode.swift; path = CoreDataTestApp.swift; sourceTree = "<group>"; };
		CE9AFD632A5E91AC00EB2D8C /* ContentView.swift */ = {isa = PBXFileReference; lastKnownFileType = sourcecode.swift; path = ContentView.swift; sourceTree = "<group>"; };
		CE9AFD652A5E91AD00EB2D8C /* Assets.xcassets */ = {isa = PBXFileReference; lastKnownFileType = folder.assetcatalog; path = Assets.xcassets; sourceTree = "<group>"; };
		CE9AFD682A5E91AD00EB2D8C /* Preview Assets.xcassets */ = {isa = PBXFileReference; lastKnownFileType = folder.assetcatalog; path = "Preview Assets.xcassets"; sourceTree = "<group>"; };
		CE9AFD702A5E91CF00EB2D8C /* SickSanghaeModel.xcdatamodel */ = {isa = PBXFileReference; lastKnownFileType = wrapper.xcdatamodel; path = SickSanghaeModel.xcdatamodel; sourceTree = "<group>"; };
		CE9AFD722A5E920800EB2D8C /* ItemStatus.swift */ = {isa = PBXFileReference; lastKnownFileType = sourcecode.swift; path = ItemStatus.swift; sourceTree = "<group>"; };
		CE9AFD782A5ECAC300EB2D8C /* DataController.swift */ = {isa = PBXFileReference; lastKnownFileType = sourcecode.swift; path = DataController.swift; sourceTree = "<group>"; };
		CE9AFD7A2A5ED2CE00EB2D8C /* MainView.swift */ = {isa = PBXFileReference; lastKnownFileType = sourcecode.swift; path = MainView.swift; sourceTree = "<group>"; };
		CE9AFD7C2A5ED39100EB2D8C /* SettingView.swift */ = {isa = PBXFileReference; lastKnownFileType = sourcecode.swift; path = SettingView.swift; sourceTree = "<group>"; };
		CE9AFD7E2A5ED39800EB2D8C /* StoreView.swift */ = {isa = PBXFileReference; lastKnownFileType = sourcecode.swift; path = StoreView.swift; sourceTree = "<group>"; };
		CE9AFD802A5ED3FE00EB2D8C /* StatisticView.swift */ = {isa = PBXFileReference; lastKnownFileType = sourcecode.swift; path = StatisticView.swift; sourceTree = "<group>"; };
		CE9AFD8A2A5FA1FE00EB2D8C /* Item+CoreDataClass.swift */ = {isa = PBXFileReference; lastKnownFileType = sourcecode.swift; path = "Item+CoreDataClass.swift"; sourceTree = "<group>"; };
		CE9AFD8B2A5FA1FE00EB2D8C /* Item+CoreDataProperties.swift */ = {isa = PBXFileReference; lastKnownFileType = sourcecode.swift; path = "Item+CoreDataProperties.swift"; sourceTree = "<group>"; };
/* End PBXFileReference section */

/* Begin PBXFrameworksBuildPhase section */
		CE9AFD5B2A5E91AC00EB2D8C /* Frameworks */ = {
			isa = PBXFrameworksBuildPhase;
			buildActionMask = 2147483647;
			files = (
			);
			runOnlyForDeploymentPostprocessing = 0;
		};
/* End PBXFrameworksBuildPhase section */

/* Begin PBXGroup section */
		CE9AFD552A5E91AC00EB2D8C = {
			isa = PBXGroup;
			children = (
				CE9AFD8A2A5FA1FE00EB2D8C /* Item+CoreDataClass.swift */,
				CE9AFD8B2A5FA1FE00EB2D8C /* Item+CoreDataProperties.swift */,
				CE9AFD782A5ECAC300EB2D8C /* DataController.swift */,
				CE9AFD602A5E91AC00EB2D8C /* CoreDataTest */,
				CE9AFD5F2A5E91AC00EB2D8C /* Products */,
			);
			sourceTree = "<group>";
		};
		CE9AFD5F2A5E91AC00EB2D8C /* Products */ = {
			isa = PBXGroup;
			children = (
				CE9AFD5E2A5E91AC00EB2D8C /* CoreDataTest.app */,
			);
			name = Products;
			sourceTree = "<group>";
		};
		CE9AFD602A5E91AC00EB2D8C /* CoreDataTest */ = {
			isa = PBXGroup;
			children = (
				CE9AFD612A5E91AC00EB2D8C /* CoreDataTestApp.swift */,
				CE9AFD632A5E91AC00EB2D8C /* ContentView.swift */,
				CE9AFD802A5ED3FE00EB2D8C /* StatisticView.swift */,
				CE9AFD7C2A5ED39100EB2D8C /* SettingView.swift */,
				CE9AFD7E2A5ED39800EB2D8C /* StoreView.swift */,
				CE9AFD7A2A5ED2CE00EB2D8C /* MainView.swift */,
				CE9AFD6F2A5E91CF00EB2D8C /* SickSanghaeModel.xcdatamodeld */,
				CE9AFD722A5E920800EB2D8C /* ItemStatus.swift */,
				CE9AFD652A5E91AD00EB2D8C /* Assets.xcassets */,
				CE9AFD672A5E91AD00EB2D8C /* Preview Content */,
			);
			path = CoreDataTest;
			sourceTree = "<group>";
		};
		CE9AFD672A5E91AD00EB2D8C /* Preview Content */ = {
			isa = PBXGroup;
			children = (
				CE9AFD682A5E91AD00EB2D8C /* Preview Assets.xcassets */,
			);
			path = "Preview Content";
			sourceTree = "<group>";
		};
/* End PBXGroup section */

/* Begin PBXNativeTarget section */
		CE9AFD5D2A5E91AC00EB2D8C /* CoreDataTest */ = {
			isa = PBXNativeTarget;
			buildConfigurationList = CE9AFD6C2A5E91AD00EB2D8C /* Build configuration list for PBXNativeTarget "CoreDataTest" */;
			buildPhases = (
				CE9AFD5A2A5E91AC00EB2D8C /* Sources */,
				CE9AFD5B2A5E91AC00EB2D8C /* Frameworks */,
				CE9AFD5C2A5E91AC00EB2D8C /* Resources */,
			);
			buildRules = (
			);
			dependencies = (
			);
			name = CoreDataTest;
			productName = CoreDataTest;
			productReference = CE9AFD5E2A5E91AC00EB2D8C /* CoreDataTest.app */;
			productType = "com.apple.product-type.application";
		};
/* End PBXNativeTarget section */

/* Begin PBXProject section */
		CE9AFD562A5E91AC00EB2D8C /* Project object */ = {
			isa = PBXProject;
			attributes = {
				BuildIndependentTargetsInParallel = 1;
				LastSwiftUpdateCheck = 1430;
				LastUpgradeCheck = 1430;
				TargetAttributes = {
					CE9AFD5D2A5E91AC00EB2D8C = {
						CreatedOnToolsVersion = 14.3;
					};
				};
			};
			buildConfigurationList = CE9AFD592A5E91AC00EB2D8C /* Build configuration list for PBXProject "CoreDataTest" */;
			compatibilityVersion = "Xcode 14.0";
			developmentRegion = en;
			hasScannedForEncodings = 0;
			knownRegions = (
				en,
				Base,
			);
			mainGroup = CE9AFD552A5E91AC00EB2D8C;
			productRefGroup = CE9AFD5F2A5E91AC00EB2D8C /* Products */;
			projectDirPath = "";
			projectRoot = "";
			targets = (
				CE9AFD5D2A5E91AC00EB2D8C /* CoreDataTest */,
			);
		};
/* End PBXProject section */

/* Begin PBXResourcesBuildPhase section */
		CE9AFD5C2A5E91AC00EB2D8C /* Resources */ = {
			isa = PBXResourcesBuildPhase;
			buildActionMask = 2147483647;
			files = (
				CE9AFD692A5E91AD00EB2D8C /* Preview Assets.xcassets in Resources */,
				CE9AFD662A5E91AD00EB2D8C /* Assets.xcassets in Resources */,
			);
			runOnlyForDeploymentPostprocessing = 0;
		};
/* End PBXResourcesBuildPhase section */

/* Begin PBXSourcesBuildPhase section */
		CE9AFD5A2A5E91AC00EB2D8C /* Sources */ = {
			isa = PBXSourcesBuildPhase;
			buildActionMask = 2147483647;
			files = (
				CE9AFD8C2A5FA1FE00EB2D8C /* Item+CoreDataClass.swift in Sources */,
				CE9AFD792A5ECAC300EB2D8C /* DataController.swift in Sources */,
				CE9AFD7B2A5ED2CE00EB2D8C /* MainView.swift in Sources */,
				CE9AFD7D2A5ED39100EB2D8C /* SettingView.swift in Sources */,
				CE9AFD712A5E91CF00EB2D8C /* SickSanghaeModel.xcdatamodeld in Sources */,
				CE9AFD642A5E91AC00EB2D8C /* ContentView.swift in Sources */,
				CE9AFD732A5E920800EB2D8C /* ItemStatus.swift in Sources */,
				CE9AFD7F2A5ED39800EB2D8C /* StoreView.swift in Sources */,
				CE9AFD812A5ED3FE00EB2D8C /* StatisticView.swift in Sources */,
				CE9AFD8D2A5FA1FE00EB2D8C /* Item+CoreDataProperties.swift in Sources */,
				CE9AFD622A5E91AC00EB2D8C /* CoreDataTestApp.swift in Sources */,
			);
			runOnlyForDeploymentPostprocessing = 0;
		};
/* End PBXSourcesBuildPhase section */

/* Begin XCBuildConfiguration section */
		CE9AFD6A2A5E91AD00EB2D8C /* Debug */ = {
			isa = XCBuildConfiguration;
			buildSettings = {
				ALWAYS_SEARCH_USER_PATHS = NO;
				CLANG_ANALYZER_NONNULL = YES;
				CLANG_ANALYZER_NUMBER_OBJECT_CONVERSION = YES_AGGRESSIVE;
				CLANG_CXX_LANGUAGE_STANDARD = "gnu++20";
				CLANG_ENABLE_MODULES = YES;
				CLANG_ENABLE_OBJC_ARC = YES;
				CLANG_ENABLE_OBJC_WEAK = YES;
				CLANG_WARN_BLOCK_CAPTURE_AUTORELEASING = YES;
				CLANG_WARN_BOOL_CONVERSION = YES;
				CLANG_WARN_COMMA = YES;
				CLANG_WARN_CONSTANT_CONVERSION = YES;
				CLANG_WARN_DEPRECATED_OBJC_IMPLEMENTATIONS = YES;
				CLANG_WARN_DIRECT_OBJC_ISA_USAGE = YES_ERROR;
				CLANG_WARN_DOCUMENTATION_COMMENTS = YES;
				CLANG_WARN_EMPTY_BODY = YES;
				CLANG_WARN_ENUM_CONVERSION = YES;
				CLANG_WARN_INFINITE_RECURSION = YES;
				CLANG_WARN_INT_CONVERSION = YES;
				CLANG_WARN_NON_LITERAL_NULL_CONVERSION = YES;
				CLANG_WARN_OBJC_IMPLICIT_RETAIN_SELF = YES;
				CLANG_WARN_OBJC_LITERAL_CONVERSION = YES;
				CLANG_WARN_OBJC_ROOT_CLASS = YES_ERROR;
				CLANG_WARN_QUOTED_INCLUDE_IN_FRAMEWORK_HEADER = YES;
				CLANG_WARN_RANGE_LOOP_ANALYSIS = YES;
				CLANG_WARN_STRICT_PROTOTYPES = YES;
				CLANG_WARN_SUSPICIOUS_MOVE = YES;
				CLANG_WARN_UNGUARDED_AVAILABILITY = YES_AGGRESSIVE;
				CLANG_WARN_UNREACHABLE_CODE = YES;
				CLANG_WARN__DUPLICATE_METHOD_MATCH = YES;
				COPY_PHASE_STRIP = NO;
				DEBUG_INFORMATION_FORMAT = dwarf;
				ENABLE_STRICT_OBJC_MSGSEND = YES;
				ENABLE_TESTABILITY = YES;
				GCC_C_LANGUAGE_STANDARD = gnu11;
				GCC_DYNAMIC_NO_PIC = NO;
				GCC_NO_COMMON_BLOCKS = YES;
				GCC_OPTIMIZATION_LEVEL = 0;
				GCC_PREPROCESSOR_DEFINITIONS = (
					"DEBUG=1",
					"$(inherited)",
				);
				GCC_WARN_64_TO_32_BIT_CONVERSION = YES;
				GCC_WARN_ABOUT_RETURN_TYPE = YES_ERROR;
				GCC_WARN_UNDECLARED_SELECTOR = YES;
				GCC_WARN_UNINITIALIZED_AUTOS = YES_AGGRESSIVE;
				GCC_WARN_UNUSED_FUNCTION = YES;
				GCC_WARN_UNUSED_VARIABLE = YES;
				IPHONEOS_DEPLOYMENT_TARGET = 16.4;
				MTL_ENABLE_DEBUG_INFO = INCLUDE_SOURCE;
				MTL_FAST_MATH = YES;
				ONLY_ACTIVE_ARCH = YES;
				SDKROOT = iphoneos;
				SWIFT_ACTIVE_COMPILATION_CONDITIONS = DEBUG;
				SWIFT_OPTIMIZATION_LEVEL = "-Onone";
			};
			name = Debug;
		};
		CE9AFD6B2A5E91AD00EB2D8C /* Release */ = {
			isa = XCBuildConfiguration;
			buildSettings = {
				ALWAYS_SEARCH_USER_PATHS = NO;
				CLANG_ANALYZER_NONNULL = YES;
				CLANG_ANALYZER_NUMBER_OBJECT_CONVERSION = YES_AGGRESSIVE;
				CLANG_CXX_LANGUAGE_STANDARD = "gnu++20";
				CLANG_ENABLE_MODULES = YES;
				CLANG_ENABLE_OBJC_ARC = YES;
				CLANG_ENABLE_OBJC_WEAK = YES;
				CLANG_WARN_BLOCK_CAPTURE_AUTORELEASING = YES;
				CLANG_WARN_BOOL_CONVERSION = YES;
				CLANG_WARN_COMMA = YES;
				CLANG_WARN_CONSTANT_CONVERSION = YES;
				CLANG_WARN_DEPRECATED_OBJC_IMPLEMENTATIONS = YES;
				CLANG_WARN_DIRECT_OBJC_ISA_USAGE = YES_ERROR;
				CLANG_WARN_DOCUMENTATION_COMMENTS = YES;
				CLANG_WARN_EMPTY_BODY = YES;
				CLANG_WARN_ENUM_CONVERSION = YES;
				CLANG_WARN_INFINITE_RECURSION = YES;
				CLANG_WARN_INT_CONVERSION = YES;
				CLANG_WARN_NON_LITERAL_NULL_CONVERSION = YES;
				CLANG_WARN_OBJC_IMPLICIT_RETAIN_SELF = YES;
				CLANG_WARN_OBJC_LITERAL_CONVERSION = YES;
				CLANG_WARN_OBJC_ROOT_CLASS = YES_ERROR;
				CLANG_WARN_QUOTED_INCLUDE_IN_FRAMEWORK_HEADER = YES;
				CLANG_WARN_RANGE_LOOP_ANALYSIS = YES;
				CLANG_WARN_STRICT_PROTOTYPES = YES;
				CLANG_WARN_SUSPICIOUS_MOVE = YES;
				CLANG_WARN_UNGUARDED_AVAILABILITY = YES_AGGRESSIVE;
				CLANG_WARN_UNREACHABLE_CODE = YES;
				CLANG_WARN__DUPLICATE_METHOD_MATCH = YES;
				COPY_PHASE_STRIP = NO;
				DEBUG_INFORMATION_FORMAT = "dwarf-with-dsym";
				ENABLE_NS_ASSERTIONS = NO;
				ENABLE_STRICT_OBJC_MSGSEND = YES;
				GCC_C_LANGUAGE_STANDARD = gnu11;
				GCC_NO_COMMON_BLOCKS = YES;
				GCC_WARN_64_TO_32_BIT_CONVERSION = YES;
				GCC_WARN_ABOUT_RETURN_TYPE = YES_ERROR;
				GCC_WARN_UNDECLARED_SELECTOR = YES;
				GCC_WARN_UNINITIALIZED_AUTOS = YES_AGGRESSIVE;
				GCC_WARN_UNUSED_FUNCTION = YES;
				GCC_WARN_UNUSED_VARIABLE = YES;
				IPHONEOS_DEPLOYMENT_TARGET = 16.4;
				MTL_ENABLE_DEBUG_INFO = NO;
				MTL_FAST_MATH = YES;
				SDKROOT = iphoneos;
				SWIFT_COMPILATION_MODE = wholemodule;
				SWIFT_OPTIMIZATION_LEVEL = "-O";
				VALIDATE_PRODUCT = YES;
			};
			name = Release;
		};
		CE9AFD6D2A5E91AD00EB2D8C /* Debug */ = {
			isa = XCBuildConfiguration;
			buildSettings = {
				ASSETCATALOG_COMPILER_APPICON_NAME = AppIcon;
				ASSETCATALOG_COMPILER_GLOBAL_ACCENT_COLOR_NAME = AccentColor;
				CODE_SIGN_STYLE = Automatic;
				CURRENT_PROJECT_VERSION = 1;
				DEVELOPMENT_ASSET_PATHS = "\"CoreDataTest/Preview Content\"";
				DEVELOPMENT_TEAM = CZH2CMCGCZ;
				ENABLE_PREVIEWS = YES;
				GENERATE_INFOPLIST_FILE = YES;
				INFOPLIST_KEY_UIApplicationSceneManifest_Generation = YES;
				INFOPLIST_KEY_UIApplicationSupportsIndirectInputEvents = YES;
				INFOPLIST_KEY_UILaunchScreen_Generation = YES;
				INFOPLIST_KEY_UISupportedInterfaceOrientations_iPad = "UIInterfaceOrientationPortrait UIInterfaceOrientationPortraitUpsideDown UIInterfaceOrientationLandscapeLeft UIInterfaceOrientationLandscapeRight";
				INFOPLIST_KEY_UISupportedInterfaceOrientations_iPhone = "UIInterfaceOrientationPortrait UIInterfaceOrientationLandscapeLeft UIInterfaceOrientationLandscapeRight";
				LD_RUNPATH_SEARCH_PATHS = (
					"$(inherited)",
					"@executable_path/Frameworks",
				);
				MARKETING_VERSION = 1.0;
				PRODUCT_BUNDLE_IDENTIFIER = "com.100-days-of-UIKit.CoreDataTest";
				PRODUCT_NAME = "$(TARGET_NAME)";
				SWIFT_EMIT_LOC_STRINGS = YES;
				SWIFT_VERSION = 5.0;
				TARGETED_DEVICE_FAMILY = "1,2";
			};
			name = Debug;
		};
		CE9AFD6E2A5E91AD00EB2D8C /* Release */ = {
			isa = XCBuildConfiguration;
			buildSettings = {
				ASSETCATALOG_COMPILER_APPICON_NAME = AppIcon;
				ASSETCATALOG_COMPILER_GLOBAL_ACCENT_COLOR_NAME = AccentColor;
				CODE_SIGN_STYLE = Automatic;
				CURRENT_PROJECT_VERSION = 1;
				DEVELOPMENT_ASSET_PATHS = "\"CoreDataTest/Preview Content\"";
				DEVELOPMENT_TEAM = CZH2CMCGCZ;
				ENABLE_PREVIEWS = YES;
				GENERATE_INFOPLIST_FILE = YES;
				INFOPLIST_KEY_UIApplicationSceneManifest_Generation = YES;
				INFOPLIST_KEY_UIApplicationSupportsIndirectInputEvents = YES;
				INFOPLIST_KEY_UILaunchScreen_Generation = YES;
				INFOPLIST_KEY_UISupportedInterfaceOrientations_iPad = "UIInterfaceOrientationPortrait UIInterfaceOrientationPortraitUpsideDown UIInterfaceOrientationLandscapeLeft UIInterfaceOrientationLandscapeRight";
				INFOPLIST_KEY_UISupportedInterfaceOrientations_iPhone = "UIInterfaceOrientationPortrait UIInterfaceOrientationLandscapeLeft UIInterfaceOrientationLandscapeRight";
				LD_RUNPATH_SEARCH_PATHS = (
					"$(inherited)",
					"@executable_path/Frameworks",
				);
				MARKETING_VERSION = 1.0;
				PRODUCT_BUNDLE_IDENTIFIER = "com.100-days-of-UIKit.CoreDataTest";
				PRODUCT_NAME = "$(TARGET_NAME)";
				SWIFT_EMIT_LOC_STRINGS = YES;
				SWIFT_VERSION = 5.0;
				TARGETED_DEVICE_FAMILY = "1,2";
			};
			name = Release;
		};
/* End XCBuildConfiguration section */

/* Begin XCConfigurationList section */
		CE9AFD592A5E91AC00EB2D8C /* Build configuration list for PBXProject "CoreDataTest" */ = {
			isa = XCConfigurationList;
			buildConfigurations = (
				CE9AFD6A2A5E91AD00EB2D8C /* Debug */,
				CE9AFD6B2A5E91AD00EB2D8C /* Release */,
			);
			defaultConfigurationIsVisible = 0;
			defaultConfigurationName = Release;
		};
		CE9AFD6C2A5E91AD00EB2D8C /* Build configuration list for PBXNativeTarget "CoreDataTest" */ = {
			isa = XCConfigurationList;
			buildConfigurations = (
				CE9AFD6D2A5E91AD00EB2D8C /* Debug */,
				CE9AFD6E2A5E91AD00EB2D8C /* Release */,
			);
			defaultConfigurationIsVisible = 0;
			defaultConfigurationName = Release;
		};
/* End XCConfigurationList section */

/* Begin XCVersionGroup section */
		CE9AFD6F2A5E91CF00EB2D8C /* SickSanghaeModel.xcdatamodeld */ = {
			isa = XCVersionGroup;
			children = (
				CE9AFD702A5E91CF00EB2D8C /* SickSanghaeModel.xcdatamodel */,
			);
			currentVersion = CE9AFD702A5E91CF00EB2D8C /* SickSanghaeModel.xcdatamodel */;
			path = SickSanghaeModel.xcdatamodeld;
			sourceTree = "<group>";
			versionGroupType = wrapper.xcdatamodel;
		};
/* End XCVersionGroup section */
	};
	rootObject = CE9AFD562A5E91AC00EB2D8C /* Project object */;
}
